// !$*UTF8*$!
{
	archiveVersion = 1;
	classes = {
	};
	objectVersion = 46;
	objects = {

/* Begin PBXBuildFile section */
		291622951B2F6ECE002B4CFE /* CustomTransitionSourceController.swift in Sources */ = {isa = PBXBuildFile; fileRef = 291622941B2F6ECE002B4CFE /* CustomTransitionSourceController.swift */; };
		291622971B2F6F12002B4CFE /* CustomTransitionDestinationController.swift in Sources */ = {isa = PBXBuildFile; fileRef = 291622961B2F6F12002B4CFE /* CustomTransitionDestinationController.swift */; };
		293A9EFE1B2B83B900B7DE15 /* AppDelegate.swift in Sources */ = {isa = PBXBuildFile; fileRef = 293A9EFD1B2B83B900B7DE15 /* AppDelegate.swift */; };
		293A9F001B2B83B900B7DE15 /* RippleController.swift in Sources */ = {isa = PBXBuildFile; fileRef = 293A9EFF1B2B83B900B7DE15 /* RippleController.swift */; };
		293A9F031B2B83B900B7DE15 /* Main.storyboard in Resources */ = {isa = PBXBuildFile; fileRef = 293A9F011B2B83B900B7DE15 /* Main.storyboard */; };
		293A9F051B2B83B900B7DE15 /* Images.xcassets in Resources */ = {isa = PBXBuildFile; fileRef = 293A9F041B2B83B900B7DE15 /* Images.xcassets */; };
		293A9F081B2B83B900B7DE15 /* LaunchScreen.xib in Resources */ = {isa = PBXBuildFile; fileRef = 293A9F061B2B83B900B7DE15 /* LaunchScreen.xib */; };
		293A9F141B2B83B900B7DE15 /* AnimationPlaygroundTests.swift in Sources */ = {isa = PBXBuildFile; fileRef = 293A9F131B2B83B900B7DE15 /* AnimationPlaygroundTests.swift */; };
		293A9F1E1B2B8BFF00B7DE15 /* CircleView.swift in Sources */ = {isa = PBXBuildFile; fileRef = 293A9F1D1B2B8BFF00B7DE15 /* CircleView.swift */; };
		6C13D32F1B33D9E700822FCA /* RoundUIImageView.swift in Sources */ = {isa = PBXBuildFile; fileRef = 6C13D32E1B33D9E700822FCA /* RoundUIImageView.swift */; };
		6C1723F21B4B6D7C0094CA51 /* TransitionTypeFactory.swift in Sources */ = {isa = PBXBuildFile; fileRef = 6C1723F11B4B6D7C0094CA51 /* TransitionTypeFactory.swift */; };
		6C1723F41B4B6DF30094CA51 /* RotateTransition.swift in Sources */ = {isa = PBXBuildFile; fileRef = 6C1723F31B4B6DF30094CA51 /* RotateTransition.swift */; };
		6C20A9091B33AC7A006F6EC6 /* AnimationHelper.swift in Sources */ = {isa = PBXBuildFile; fileRef = 6C20A9081B33AC7A006F6EC6 /* AnimationHelper.swift */; };
		6C5195CC1B33E2FF001374C9 /* GravityController.swift in Sources */ = {isa = PBXBuildFile; fileRef = 6C5195CB1B33E2FF001374C9 /* GravityController.swift */; };
		6C6A94C41B2CD54B004F218E /* avatar.png in Resources */ = {isa = PBXBuildFile; fileRef = 6C6A94C31B2CD54B004F218E /* avatar.png */; };
		6C6A94C61B2CD968004F218E /* Colors.swift in Sources */ = {isa = PBXBuildFile; fileRef = 6C6A94C51B2CD968004F218E /* Colors.swift */; };
		6C77CA111B2BC8F500F25B33 /* HomeController.swift in Sources */ = {isa = PBXBuildFile; fileRef = 6C77CA101B2BC8F500F25B33 /* HomeController.swift */; };
		6C77CA151B2BCCAB00F25B33 /* TranslationController.swift in Sources */ = {isa = PBXBuildFile; fileRef = 6C77CA141B2BCCAB00F25B33 /* TranslationController.swift */; };
		6CA2489F1B3E2CAA00DF7FC0 /* SpriteKit.framework in Frameworks */ = {isa = PBXBuildFile; fileRef = 6CA2489E1B3E2CAA00DF7FC0 /* SpriteKit.framework */; };
		6CA248A11B3E2CFE00DF7FC0 /* SpriteKitController.swift in Sources */ = {isa = PBXBuildFile; fileRef = 6CA248A01B3E2CFE00DF7FC0 /* SpriteKitController.swift */; };
		6CCA458A1B49E05900F70B04 /* CustomTransitionRotateSourceController.swift in Sources */ = {isa = PBXBuildFile; fileRef = 6CCA45891B49E05900F70B04 /* CustomTransitionRotateSourceController.swift */; };
		6CCA458C1B49E07800F70B04 /* CustomTransitionRotateDestinationController.swift in Sources */ = {isa = PBXBuildFile; fileRef = 6CCA458B1B49E07800F70B04 /* CustomTransitionRotateDestinationController.swift */; };
		6CCA458F1B49E26200F70B04 /* TransitionManager.swift in Sources */ = {isa = PBXBuildFile; fileRef = 6CCA458E1B49E26200F70B04 /* TransitionManager.swift */; };
		6CCA45911B49E6F700F70B04 /* ITransitionType.swift in Sources */ = {isa = PBXBuildFile; fileRef = 6CCA45901B49E6F700F70B04 /* ITransitionType.swift */; };
		6CCA45931B49E73B00F70B04 /* CustomTransition.swift in Sources */ = {isa = PBXBuildFile; fileRef = 6CCA45921B49E73B00F70B04 /* CustomTransition.swift */; };
/* End PBXBuildFile section */

/* Begin PBXContainerItemProxy section */
		293A9F0E1B2B83B900B7DE15 /* PBXContainerItemProxy */ = {
			isa = PBXContainerItemProxy;
			containerPortal = 293A9EF01B2B83B900B7DE15 /* Project object */;
			proxyType = 1;
			remoteGlobalIDString = 293A9EF71B2B83B900B7DE15;
			remoteInfo = AnimationPlayground;
		};
/* End PBXContainerItemProxy section */

/* Begin PBXFileReference section */
		291622941B2F6ECE002B4CFE /* CustomTransitionSourceController.swift */ = {isa = PBXFileReference; fileEncoding = 4; lastKnownFileType = sourcecode.swift; path = CustomTransitionSourceController.swift; sourceTree = "<group>"; };
		291622961B2F6F12002B4CFE /* CustomTransitionDestinationController.swift */ = {isa = PBXFileReference; fileEncoding = 4; lastKnownFileType = sourcecode.swift; path = CustomTransitionDestinationController.swift; sourceTree = "<group>"; };
		293A9EF81B2B83B900B7DE15 /* AnimationPlayground.app */ = {isa = PBXFileReference; explicitFileType = wrapper.application; includeInIndex = 0; path = AnimationPlayground.app; sourceTree = BUILT_PRODUCTS_DIR; };
		293A9EFC1B2B83B900B7DE15 /* Info.plist */ = {isa = PBXFileReference; lastKnownFileType = text.plist.xml; path = Info.plist; sourceTree = "<group>"; };
		293A9EFD1B2B83B900B7DE15 /* AppDelegate.swift */ = {isa = PBXFileReference; lastKnownFileType = sourcecode.swift; path = AppDelegate.swift; sourceTree = "<group>"; };
		293A9EFF1B2B83B900B7DE15 /* RippleController.swift */ = {isa = PBXFileReference; lastKnownFileType = sourcecode.swift; path = RippleController.swift; sourceTree = "<group>"; };
		293A9F021B2B83B900B7DE15 /* Base */ = {isa = PBXFileReference; lastKnownFileType = file.storyboard; name = Base; path = Base.lproj/Main.storyboard; sourceTree = "<group>"; };
		293A9F041B2B83B900B7DE15 /* Images.xcassets */ = {isa = PBXFileReference; lastKnownFileType = folder.assetcatalog; path = Images.xcassets; sourceTree = "<group>"; };
		293A9F071B2B83B900B7DE15 /* Base */ = {isa = PBXFileReference; lastKnownFileType = file.xib; name = Base; path = Base.lproj/LaunchScreen.xib; sourceTree = "<group>"; };
		293A9F0D1B2B83B900B7DE15 /* AnimationPlaygroundTests.xctest */ = {isa = PBXFileReference; explicitFileType = wrapper.cfbundle; includeInIndex = 0; path = AnimationPlaygroundTests.xctest; sourceTree = BUILT_PRODUCTS_DIR; };
		293A9F121B2B83B900B7DE15 /* Info.plist */ = {isa = PBXFileReference; lastKnownFileType = text.plist.xml; path = Info.plist; sourceTree = "<group>"; };
		293A9F131B2B83B900B7DE15 /* AnimationPlaygroundTests.swift */ = {isa = PBXFileReference; lastKnownFileType = sourcecode.swift; path = AnimationPlaygroundTests.swift; sourceTree = "<group>"; };
		293A9F1D1B2B8BFF00B7DE15 /* CircleView.swift */ = {isa = PBXFileReference; fileEncoding = 4; lastKnownFileType = sourcecode.swift; path = CircleView.swift; sourceTree = "<group>"; };
		6C13D32E1B33D9E700822FCA /* RoundUIImageView.swift */ = {isa = PBXFileReference; fileEncoding = 4; lastKnownFileType = sourcecode.swift; path = RoundUIImageView.swift; sourceTree = "<group>"; };
		6C1723F11B4B6D7C0094CA51 /* TransitionTypeFactory.swift */ = {isa = PBXFileReference; fileEncoding = 4; lastKnownFileType = sourcecode.swift; path = TransitionTypeFactory.swift; sourceTree = "<group>"; };
		6C1723F31B4B6DF30094CA51 /* RotateTransition.swift */ = {isa = PBXFileReference; fileEncoding = 4; lastKnownFileType = sourcecode.swift; path = RotateTransition.swift; sourceTree = "<group>"; };
		6C20A9081B33AC7A006F6EC6 /* AnimationHelper.swift */ = {isa = PBXFileReference; fileEncoding = 4; lastKnownFileType = sourcecode.swift; path = AnimationHelper.swift; sourceTree = "<group>"; };
		6C5195CB1B33E2FF001374C9 /* GravityController.swift */ = {isa = PBXFileReference; fileEncoding = 4; lastKnownFileType = sourcecode.swift; path = GravityController.swift; sourceTree = "<group>"; };
		6C6A94C31B2CD54B004F218E /* avatar.png */ = {isa = PBXFileReference; lastKnownFileType = image.png; path = avatar.png; sourceTree = "<group>"; };
		6C6A94C51B2CD968004F218E /* Colors.swift */ = {isa = PBXFileReference; fileEncoding = 4; lastKnownFileType = sourcecode.swift; path = Colors.swift; sourceTree = "<group>"; };
		6C77CA101B2BC8F500F25B33 /* HomeController.swift */ = {isa = PBXFileReference; fileEncoding = 4; lastKnownFileType = sourcecode.swift; path = HomeController.swift; sourceTree = "<group>"; };
		6C77CA141B2BCCAB00F25B33 /* TranslationController.swift */ = {isa = PBXFileReference; fileEncoding = 4; lastKnownFileType = sourcecode.swift; path = TranslationController.swift; sourceTree = "<group>"; };
		6CA2489E1B3E2CAA00DF7FC0 /* SpriteKit.framework */ = {isa = PBXFileReference; lastKnownFileType = wrapper.framework; name = SpriteKit.framework; path = System/Library/Frameworks/SpriteKit.framework; sourceTree = SDKROOT; };
		6CA248A01B3E2CFE00DF7FC0 /* SpriteKitController.swift */ = {isa = PBXFileReference; fileEncoding = 4; lastKnownFileType = sourcecode.swift; path = SpriteKitController.swift; sourceTree = "<group>"; };
		6CCA45891B49E05900F70B04 /* CustomTransitionRotateSourceController.swift */ = {isa = PBXFileReference; fileEncoding = 4; lastKnownFileType = sourcecode.swift; path = CustomTransitionRotateSourceController.swift; sourceTree = "<group>"; };
		6CCA458B1B49E07800F70B04 /* CustomTransitionRotateDestinationController.swift */ = {isa = PBXFileReference; fileEncoding = 4; lastKnownFileType = sourcecode.swift; path = CustomTransitionRotateDestinationController.swift; sourceTree = "<group>"; };
		6CCA458E1B49E26200F70B04 /* TransitionManager.swift */ = {isa = PBXFileReference; fileEncoding = 4; lastKnownFileType = sourcecode.swift; path = TransitionManager.swift; sourceTree = "<group>"; };
		6CCA45901B49E6F700F70B04 /* ITransitionType.swift */ = {isa = PBXFileReference; fileEncoding = 4; lastKnownFileType = sourcecode.swift; path = ITransitionType.swift; sourceTree = "<group>"; };
		6CCA45921B49E73B00F70B04 /* CustomTransition.swift */ = {isa = PBXFileReference; fileEncoding = 4; lastKnownFileType = sourcecode.swift; path = CustomTransition.swift; sourceTree = "<group>"; };
/* End PBXFileReference section */

/* Begin PBXFrameworksBuildPhase section */
		293A9EF51B2B83B900B7DE15 /* Frameworks */ = {
			isa = PBXFrameworksBuildPhase;
			buildActionMask = 2147483647;
			files = (
				6CA2489F1B3E2CAA00DF7FC0 /* SpriteKit.framework in Frameworks */,
			);
			runOnlyForDeploymentPostprocessing = 0;
		};
		293A9F0A1B2B83B900B7DE15 /* Frameworks */ = {
			isa = PBXFrameworksBuildPhase;
			buildActionMask = 2147483647;
			files = (
			);
			runOnlyForDeploymentPostprocessing = 0;
		};
/* End PBXFrameworksBuildPhase section */

/* Begin PBXGroup section */
		293A9EEF1B2B83B900B7DE15 = {
			isa = PBXGroup;
			children = (
				6CA2489E1B3E2CAA00DF7FC0 /* SpriteKit.framework */,
				293A9EFA1B2B83B900B7DE15 /* AnimationPlayground */,
				293A9F101B2B83B900B7DE15 /* AnimationPlaygroundTests */,
				293A9EF91B2B83B900B7DE15 /* Products */,
			);
			sourceTree = "<group>";
		};
		293A9EF91B2B83B900B7DE15 /* Products */ = {
			isa = PBXGroup;
			children = (
				293A9EF81B2B83B900B7DE15 /* AnimationPlayground.app */,
				293A9F0D1B2B83B900B7DE15 /* AnimationPlaygroundTests.xctest */,
			);
			name = Products;
			sourceTree = "<group>";
		};
		293A9EFA1B2B83B900B7DE15 /* AnimationPlayground */ = {
			isa = PBXGroup;
			children = (
				6C622B351B2FE3D20060DB59 /* Animation */,
				6C6A94C11B2CD526004F218E /* Resources */,
				6C77CA131B2BCC9800F25B33 /* Views */,
				6C77CA121B2BCC8800F25B33 /* Controllers */,
				293A9EFD1B2B83B900B7DE15 /* AppDelegate.swift */,
				293A9F011B2B83B900B7DE15 /* Main.storyboard */,
				293A9F041B2B83B900B7DE15 /* Images.xcassets */,
				293A9F061B2B83B900B7DE15 /* LaunchScreen.xib */,
				293A9EFB1B2B83B900B7DE15 /* Supporting Files */,
			);
			path = AnimationPlayground;
			sourceTree = "<group>";
		};
		293A9EFB1B2B83B900B7DE15 /* Supporting Files */ = {
			isa = PBXGroup;
			children = (
				293A9EFC1B2B83B900B7DE15 /* Info.plist */,
			);
			name = "Supporting Files";
			sourceTree = "<group>";
		};
		293A9F101B2B83B900B7DE15 /* AnimationPlaygroundTests */ = {
			isa = PBXGroup;
			children = (
				293A9F131B2B83B900B7DE15 /* AnimationPlaygroundTests.swift */,
				293A9F111B2B83B900B7DE15 /* Supporting Files */,
			);
			path = AnimationPlaygroundTests;
			sourceTree = "<group>";
		};
		293A9F111B2B83B900B7DE15 /* Supporting Files */ = {
			isa = PBXGroup;
			children = (
				293A9F121B2B83B900B7DE15 /* Info.plist */,
			);
			name = "Supporting Files";
			sourceTree = "<group>";
		};
		6C622B351B2FE3D20060DB59 /* Animation */ = {
			isa = PBXGroup;
			children = (
				6C20A9081B33AC7A006F6EC6 /* AnimationHelper.swift */,
			);
			name = Animation;
			sourceTree = "<group>";
		};
		6C6A94C11B2CD526004F218E /* Resources */ = {
			isa = PBXGroup;
			children = (
				6C6A94C21B2CD533004F218E /* Images */,
			);
			name = Resources;
			sourceTree = "<group>";
		};
		6C6A94C21B2CD533004F218E /* Images */ = {
			isa = PBXGroup;
			children = (
				6C6A94C31B2CD54B004F218E /* avatar.png */,
			);
			name = Images;
			sourceTree = "<group>";
		};
		6C77CA121B2BCC8800F25B33 /* Controllers */ = {
			isa = PBXGroup;
			children = (
				6CCA458D1B49E25900F70B04 /* Transitions */,
				6C77CA101B2BC8F500F25B33 /* HomeController.swift */,
				293A9EFF1B2B83B900B7DE15 /* RippleController.swift */,
				6C77CA141B2BCCAB00F25B33 /* TranslationController.swift */,
				291622941B2F6ECE002B4CFE /* CustomTransitionSourceController.swift */,
				291622961B2F6F12002B4CFE /* CustomTransitionDestinationController.swift */,
				6C5195CB1B33E2FF001374C9 /* GravityController.swift */,
				6CA248A01B3E2CFE00DF7FC0 /* SpriteKitController.swift */,
				6CCA45891B49E05900F70B04 /* CustomTransitionRotateSourceController.swift */,
				6CCA458B1B49E07800F70B04 /* CustomTransitionRotateDestinationController.swift */,
			);
			name = Controllers;
			sourceTree = "<group>";
		};
		6C77CA131B2BCC9800F25B33 /* Views */ = {
			isa = PBXGroup;
			children = (
				6C6A94C51B2CD968004F218E /* Colors.swift */,
				293A9F1D1B2B8BFF00B7DE15 /* CircleView.swift */,
				6C13D32E1B33D9E700822FCA /* RoundUIImageView.swift */,
			);
			name = Views;
			sourceTree = "<group>";
		};
		6CCA458D1B49E25900F70B04 /* Transitions */ = {
			isa = PBXGroup;
			children = (
				6CCA458E1B49E26200F70B04 /* TransitionManager.swift */,
				6CCA45901B49E6F700F70B04 /* ITransitionType.swift */,
				6C1723F11B4B6D7C0094CA51 /* TransitionTypeFactory.swift */,
				6CCA45921B49E73B00F70B04 /* CustomTransition.swift */,
				6C1723F31B4B6DF30094CA51 /* RotateTransition.swift */,
			);
			name = Transitions;
			sourceTree = "<group>";
		};
/* End PBXGroup section */

/* Begin PBXNativeTarget section */
		293A9EF71B2B83B900B7DE15 /* AnimationPlayground */ = {
			isa = PBXNativeTarget;
			buildConfigurationList = 293A9F171B2B83B900B7DE15 /* Build configuration list for PBXNativeTarget "AnimationPlayground" */;
			buildPhases = (
				293A9EF41B2B83B900B7DE15 /* Sources */,
				293A9EF51B2B83B900B7DE15 /* Frameworks */,
				293A9EF61B2B83B900B7DE15 /* Resources */,
			);
			buildRules = (
			);
			dependencies = (
			);
			name = AnimationPlayground;
			productName = AnimationPlayground;
			productReference = 293A9EF81B2B83B900B7DE15 /* AnimationPlayground.app */;
			productType = "com.apple.product-type.application";
		};
		293A9F0C1B2B83B900B7DE15 /* AnimationPlaygroundTests */ = {
			isa = PBXNativeTarget;
			buildConfigurationList = 293A9F1A1B2B83B900B7DE15 /* Build configuration list for PBXNativeTarget "AnimationPlaygroundTests" */;
			buildPhases = (
				293A9F091B2B83B900B7DE15 /* Sources */,
				293A9F0A1B2B83B900B7DE15 /* Frameworks */,
				293A9F0B1B2B83B900B7DE15 /* Resources */,
			);
			buildRules = (
			);
			dependencies = (
				293A9F0F1B2B83B900B7DE15 /* PBXTargetDependency */,
			);
			name = AnimationPlaygroundTests;
			productName = AnimationPlaygroundTests;
			productReference = 293A9F0D1B2B83B900B7DE15 /* AnimationPlaygroundTests.xctest */;
			productType = "com.apple.product-type.bundle.unit-test";
		};
/* End PBXNativeTarget section */

/* Begin PBXProject section */
		293A9EF01B2B83B900B7DE15 /* Project object */ = {
			isa = PBXProject;
			attributes = {
				LastUpgradeCheck = 0630;
				ORGANIZATIONNAME = "Joey Lai";
				TargetAttributes = {
					293A9EF71B2B83B900B7DE15 = {
						CreatedOnToolsVersion = 6.3.2;
					};
					293A9F0C1B2B83B900B7DE15 = {
						CreatedOnToolsVersion = 6.3.2;
						TestTargetID = 293A9EF71B2B83B900B7DE15;
					};
				};
			};
			buildConfigurationList = 293A9EF31B2B83B900B7DE15 /* Build configuration list for PBXProject "AnimationPlayground" */;
			compatibilityVersion = "Xcode 3.2";
			developmentRegion = English;
			hasScannedForEncodings = 0;
			knownRegions = (
				en,
				Base,
			);
			mainGroup = 293A9EEF1B2B83B900B7DE15;
			productRefGroup = 293A9EF91B2B83B900B7DE15 /* Products */;
			projectDirPath = "";
			projectRoot = "";
			targets = (
				293A9EF71B2B83B900B7DE15 /* AnimationPlayground */,
				293A9F0C1B2B83B900B7DE15 /* AnimationPlaygroundTests */,
			);
		};
/* End PBXProject section */

/* Begin PBXResourcesBuildPhase section */
		293A9EF61B2B83B900B7DE15 /* Resources */ = {
			isa = PBXResourcesBuildPhase;
			buildActionMask = 2147483647;
			files = (
				6C6A94C41B2CD54B004F218E /* avatar.png in Resources */,
				293A9F031B2B83B900B7DE15 /* Main.storyboard in Resources */,
				293A9F081B2B83B900B7DE15 /* LaunchScreen.xib in Resources */,
				293A9F051B2B83B900B7DE15 /* Images.xcassets in Resources */,
			);
			runOnlyForDeploymentPostprocessing = 0;
		};
		293A9F0B1B2B83B900B7DE15 /* Resources */ = {
			isa = PBXResourcesBuildPhase;
			buildActionMask = 2147483647;
			files = (
			);
			runOnlyForDeploymentPostprocessing = 0;
		};
/* End PBXResourcesBuildPhase section */

/* Begin PBXSourcesBuildPhase section */
		293A9EF41B2B83B900B7DE15 /* Sources */ = {
			isa = PBXSourcesBuildPhase;
			buildActionMask = 2147483647;
			files = (
				6CCA458A1B49E05900F70B04 /* CustomTransitionRotateSourceController.swift in Sources */,
				291622971B2F6F12002B4CFE /* CustomTransitionDestinationController.swift in Sources */,
				6C77CA151B2BCCAB00F25B33 /* TranslationController.swift in Sources */,
				6C20A9091B33AC7A006F6EC6 /* AnimationHelper.swift in Sources */,
				6C6A94C61B2CD968004F218E /* Colors.swift in Sources */,
				291622951B2F6ECE002B4CFE /* CustomTransitionSourceController.swift in Sources */,
				6CCA45911B49E6F700F70B04 /* ITransitionType.swift in Sources */,
				6CCA458F1B49E26200F70B04 /* TransitionManager.swift in Sources */,
				6C13D32F1B33D9E700822FCA /* RoundUIImageView.swift in Sources */,
				6C1723F41B4B6DF30094CA51 /* RotateTransition.swift in Sources */,
				6C5195CC1B33E2FF001374C9 /* GravityController.swift in Sources */,
				6C77CA111B2BC8F500F25B33 /* HomeController.swift in Sources */,
				6CCA458C1B49E07800F70B04 /* CustomTransitionRotateDestinationController.swift in Sources */,
				6CCA45931B49E73B00F70B04 /* CustomTransition.swift in Sources */,
				293A9F1E1B2B8BFF00B7DE15 /* CircleView.swift in Sources */,
				293A9F001B2B83B900B7DE15 /* RippleController.swift in Sources */,
				6C1723F21B4B6D7C0094CA51 /* TransitionTypeFactory.swift in Sources */,
				293A9EFE1B2B83B900B7DE15 /* AppDelegate.swift in Sources */,
				6CA248A11B3E2CFE00DF7FC0 /* SpriteKitController.swift in Sources */,
			);
			runOnlyForDeploymentPostprocessing = 0;
		};
		293A9F091B2B83B900B7DE15 /* Sources */ = {
			isa = PBXSourcesBuildPhase;
			buildActionMask = 2147483647;
			files = (
				293A9F141B2B83B900B7DE15 /* AnimationPlaygroundTests.swift in Sources */,
			);
			runOnlyForDeploymentPostprocessing = 0;
		};
/* End PBXSourcesBuildPhase section */

/* Begin PBXTargetDependency section */
		293A9F0F1B2B83B900B7DE15 /* PBXTargetDependency */ = {
			isa = PBXTargetDependency;
			target = 293A9EF71B2B83B900B7DE15 /* AnimationPlayground */;
			targetProxy = 293A9F0E1B2B83B900B7DE15 /* PBXContainerItemProxy */;
		};
/* End PBXTargetDependency section */

/* Begin PBXVariantGroup section */
		293A9F011B2B83B900B7DE15 /* Main.storyboard */ = {
			isa = PBXVariantGroup;
			children = (
				293A9F021B2B83B900B7DE15 /* Base */,
			);
			name = Main.storyboard;
			sourceTree = "<group>";
		};
		293A9F061B2B83B900B7DE15 /* LaunchScreen.xib */ = {
			isa = PBXVariantGroup;
			children = (
				293A9F071B2B83B900B7DE15 /* Base */,
			);
			name = LaunchScreen.xib;
			sourceTree = "<group>";
		};
/* End PBXVariantGroup section */

/* Begin XCBuildConfiguration section */
		293A9F151B2B83B900B7DE15 /* Debug */ = {
			isa = XCBuildConfiguration;
			buildSettings = {
				ALWAYS_SEARCH_USER_PATHS = NO;
				CLANG_CXX_LANGUAGE_STANDARD = "gnu++0x";
				CLANG_CXX_LIBRARY = "libc++";
				CLANG_ENABLE_MODULES = YES;
				CLANG_ENABLE_OBJC_ARC = YES;
				CLANG_WARN_BOOL_CONVERSION = YES;
				CLANG_WARN_CONSTANT_CONVERSION = YES;
				CLANG_WARN_DIRECT_OBJC_ISA_USAGE = YES_ERROR;
				CLANG_WARN_EMPTY_BODY = YES;
				CLANG_WARN_ENUM_CONVERSION = YES;
				CLANG_WARN_INT_CONVERSION = YES;
				CLANG_WARN_OBJC_ROOT_CLASS = YES_ERROR;
				CLANG_WARN_UNREACHABLE_CODE = YES;
				CLANG_WARN__DUPLICATE_METHOD_MATCH = YES;
				"CODE_SIGN_IDENTITY[sdk=iphoneos*]" = "iPhone Developer";
				COPY_PHASE_STRIP = NO;
				DEBUG_INFORMATION_FORMAT = "dwarf-with-dsym";
				ENABLE_STRICT_OBJC_MSGSEND = YES;
				GCC_C_LANGUAGE_STANDARD = gnu99;
				GCC_DYNAMIC_NO_PIC = NO;
				GCC_NO_COMMON_BLOCKS = YES;
				GCC_OPTIMIZATION_LEVEL = 0;
				GCC_PREPROCESSOR_DEFINITIONS = (
					"DEBUG=1",
					"$(inherited)",
				);
				GCC_SYMBOLS_PRIVATE_EXTERN = NO;
				GCC_WARN_64_TO_32_BIT_CONVERSION = YES;
				GCC_WARN_ABOUT_RETURN_TYPE = YES_ERROR;
				GCC_WARN_UNDECLARED_SELECTOR = YES;
				GCC_WARN_UNINITIALIZED_AUTOS = YES_AGGRESSIVE;
				GCC_WARN_UNUSED_FUNCTION = YES;
				GCC_WARN_UNUSED_VARIABLE = YES;
				IPHONEOS_DEPLOYMENT_TARGET = 8.3;
				MTL_ENABLE_DEBUG_INFO = YES;
				ONLY_ACTIVE_ARCH = YES;
				SDKROOT = iphoneos;
				SWIFT_OPTIMIZATION_LEVEL = "-Onone";
				TARGETED_DEVICE_FAMILY = "1,2";
			};
			name = Debug;
		};
		293A9F161B2B83B900B7DE15 /* Release */ = {
			isa = XCBuildConfiguration;
			buildSettings = {
				ALWAYS_SEARCH_USER_PATHS = NO;
				CLANG_CXX_LANGUAGE_STANDARD = "gnu++0x";
				CLANG_CXX_LIBRARY = "libc++";
				CLANG_ENABLE_MODULES = YES;
				CLANG_ENABLE_OBJC_ARC = YES;
				CLANG_WARN_BOOL_CONVERSION = YES;
				CLANG_WARN_CONSTANT_CONVERSION = YES;
				CLANG_WARN_DIRECT_OBJC_ISA_USAGE = YES_ERROR;
				CLANG_WARN_EMPTY_BODY = YES;
				CLANG_WARN_ENUM_CONVERSION = YES;
				CLANG_WARN_INT_CONVERSION = YES;
				CLANG_WARN_OBJC_ROOT_CLASS = YES_ERROR;
				CLANG_WARN_UNREACHABLE_CODE = YES;
				CLANG_WARN__DUPLICATE_METHOD_MATCH = YES;
				"CODE_SIGN_IDENTITY[sdk=iphoneos*]" = "iPhone Developer";
				COPY_PHASE_STRIP = NO;
				DEBUG_INFORMATION_FORMAT = "dwarf-with-dsym";
				ENABLE_NS_ASSERTIONS = NO;
				ENABLE_STRICT_OBJC_MSGSEND = YES;
				GCC_C_LANGUAGE_STANDARD = gnu99;
				GCC_NO_COMMON_BLOCKS = YES;
				GCC_WARN_64_TO_32_BIT_CONVERSION = YES;
				GCC_WARN_ABOUT_RETURN_TYPE = YES_ERROR;
				GCC_WARN_UNDECLARED_SELECTOR = YES;
				GCC_WARN_UNINITIALIZED_AUTOS = YES_AGGRESSIVE;
				GCC_WARN_UNUSED_FUNCTION = YES;
				GCC_WARN_UNUSED_VARIABLE = YES;
				IPHONEOS_DEPLOYMENT_TARGET = 8.3;
				MTL_ENABLE_DEBUG_INFO = NO;
				SDKROOT = iphoneos;
				TARGETED_DEVICE_FAMILY = "1,2";
				VALIDATE_PRODUCT = YES;
			};
			name = Release;
		};
		293A9F181B2B83B900B7DE15 /* Debug */ = {
			isa = XCBuildConfiguration;
			buildSettings = {
				ASSETCATALOG_COMPILER_APPICON_NAME = AppIcon;
				INFOPLIST_FILE = AnimationPlayground/Info.plist;
				LD_RUNPATH_SEARCH_PATHS = "$(inherited) @executable_path/Frameworks";
				PRODUCT_NAME = "$(TARGET_NAME)";
			};
			name = Debug;
		};
		293A9F191B2B83B900B7DE15 /* Release */ = {
			isa = XCBuildConfiguration;
			buildSettings = {
				ASSETCATALOG_COMPILER_APPICON_NAME = AppIcon;
				INFOPLIST_FILE = AnimationPlayground/Info.plist;
				LD_RUNPATH_SEARCH_PATHS = "$(inherited) @executable_path/Frameworks";
				PRODUCT_NAME = "$(TARGET_NAME)";
			};
			name = Release;
		};
		293A9F1B1B2B83B900B7DE15 /* Debug */ = {
			isa = XCBuildConfiguration;
			buildSettings = {
				BUNDLE_LOADER = "$(TEST_HOST)";
				FRAMEWORK_SEARCH_PATHS = (
					"$(SDKROOT)/Developer/Library/Frameworks",
					"$(inherited)",
				);
				GCC_PREPROCESSOR_DEFINITIONS = (
					"DEBUG=1",
					"$(inherited)",
				);
				INFOPLIST_FILE = AnimationPlaygroundTests/Info.plist;
				LD_RUNPATH_SEARCH_PATHS = "$(inherited) @executable_path/Frameworks @loader_path/Frameworks";
				PRODUCT_NAME = "$(TARGET_NAME)";
				TEST_HOST = "$(BUILT_PRODUCTS_DIR)/AnimationPlayground.app/AnimationPlayground";
			};
			name = Debug;
		};
		293A9F1C1B2B83B900B7DE15 /* Release */ = {
			isa = XCBuildConfiguration;
			buildSettings = {
				BUNDLE_LOADER = "$(TEST_HOST)";
				FRAMEWORK_SEARCH_PATHS = (
					"$(SDKROOT)/Developer/Library/Frameworks",
					"$(inherited)",
				);
				INFOPLIST_FILE = AnimationPlaygroundTests/Info.plist;
				LD_RUNPATH_SEARCH_PATHS = "$(inherited) @executable_path/Frameworks @loader_path/Frameworks";
				PRODUCT_NAME = "$(TARGET_NAME)";
				TEST_HOST = "$(BUILT_PRODUCTS_DIR)/AnimationPlayground.app/AnimationPlayground";
			};
			name = Release;
		};
/* End XCBuildConfiguration section */

/* Begin XCConfigurationList section */
		293A9EF31B2B83B900B7DE15 /* Build configuration list for PBXProject "AnimationPlayground" */ = {
			isa = XCConfigurationList;
			buildConfigurations = (
				293A9F151B2B83B900B7DE15 /* Debug */,
				293A9F161B2B83B900B7DE15 /* Release */,
			);
			defaultConfigurationIsVisible = 0;
			defaultConfigurationName = Release;
		};
		293A9F171B2B83B900B7DE15 /* Build configuration list for PBXNativeTarget "AnimationPlayground" */ = {
			isa = XCConfigurationList;
			buildConfigurations = (
				293A9F181B2B83B900B7DE15 /* Debug */,
				293A9F191B2B83B900B7DE15 /* Release */,
			);
			defaultConfigurationIsVisible = 0;
			defaultConfigurationName = Release;
		};
		293A9F1A1B2B83B900B7DE15 /* Build configuration list for PBXNativeTarget "AnimationPlaygroundTests" */ = {
			isa = XCConfigurationList;
			buildConfigurations = (
				293A9F1B1B2B83B900B7DE15 /* Debug */,
				293A9F1C1B2B83B900B7DE15 /* Release */,
			);
			defaultConfigurationIsVisible = 0;
			defaultConfigurationName = Release;
		};
/* End XCConfigurationList section */
	};
	rootObject = 293A9EF01B2B83B900B7DE15 /* Project object */;
}
